// !$*UTF8*$!
{
	archiveVersion = 1;
	classes = {
	};
	objectVersion = 46;
	objects = {

/* Begin PBXBuildFile section */
		5EC7E9691895634100D4E612 /* main.cpp in Sources */ = {isa = PBXBuildFile; fileRef = 5EC7E9681895634100D4E612 /* main.cpp */; };
		5EC7E96B1895634100D4E612 /* RayTracer.1 in CopyFiles */ = {isa = PBXBuildFile; fileRef = 5EC7E96A1895634100D4E612 /* RayTracer.1 */; };
		5EC7E9891895639100D4E612 /* Color.cpp in Sources */ = {isa = PBXBuildFile; fileRef = 5EC7E9731895639100D4E612 /* Color.cpp */; };
		5EC7E98A1895639100D4E612 /* Disk.cpp in Sources */ = {isa = PBXBuildFile; fileRef = 5EC7E9751895639100D4E612 /* Disk.cpp */; };
		5EC7E98B1895639100D4E612 /* LightSource.cpp in Sources */ = {isa = PBXBuildFile; fileRef = 5EC7E9771895639100D4E612 /* LightSource.cpp */; };
		5EC7E98C1895639100D4E612 /* Material.cpp in Sources */ = {isa = PBXBuildFile; fileRef = 5EC7E9791895639100D4E612 /* Material.cpp */; };
		5EC7E98D1895639100D4E612 /* Plane.cpp in Sources */ = {isa = PBXBuildFile; fileRef = 5EC7E97C1895639100D4E612 /* Plane.cpp */; };
		5EC7E98E1895639100D4E612 /* Ray.cpp in Sources */ = {isa = PBXBuildFile; fileRef = 5EC7E97E1895639100D4E612 /* Ray.cpp */; };
		5EC7E98F1895639100D4E612 /* RayTracer.cpp in Sources */ = {isa = PBXBuildFile; fileRef = 5EC7E9801895639100D4E612 /* RayTracer.cpp */; };
		5EC7E9901895639100D4E612 /* Scene.cpp in Sources */ = {isa = PBXBuildFile; fileRef = 5EC7E9821895639100D4E612 /* Scene.cpp */; };
		5EC7E9911895639100D4E612 /* Sphere.cpp in Sources */ = {isa = PBXBuildFile; fileRef = 5EC7E9841895639100D4E612 /* Sphere.cpp */; };
		5EC7E9921895639100D4E612 /* Vector.cpp in Sources */ = {isa = PBXBuildFile; fileRef = 5EC7E9861895639100D4E612 /* Vector.cpp */; };
		5EEC2883189A56E70054EBED /* CheckerBoard.cpp in Sources */ = {isa = PBXBuildFile; fileRef = 5EEC2881189A56E70054EBED /* CheckerBoard.cpp */; };
/* End PBXBuildFile section */

/* Begin PBXCopyFilesBuildPhase section */
		5EC7E9631895634100D4E612 /* CopyFiles */ = {
			isa = PBXCopyFilesBuildPhase;
			buildActionMask = 2147483647;
			dstPath = /usr/share/man/man1/;
			dstSubfolderSpec = 0;
			files = (
				5EC7E96B1895634100D4E612 /* RayTracer.1 in CopyFiles */,
			);
			runOnlyForDeploymentPostprocessing = 1;
		};
/* End PBXCopyFilesBuildPhase section */

/* Begin PBXFileReference section */
		5EC7E9651895634100D4E612 /* RayTracer */ = {isa = PBXFileReference; explicitFileType = "compiled.mach-o.executable"; includeInIndex = 0; path = RayTracer; sourceTree = BUILT_PRODUCTS_DIR; };
		5EC7E9681895634100D4E612 /* main.cpp */ = {isa = PBXFileReference; lastKnownFileType = sourcecode.cpp.cpp; path = main.cpp; sourceTree = "<group>"; };
		5EC7E96A1895634100D4E612 /* RayTracer.1 */ = {isa = PBXFileReference; lastKnownFileType = text.man; path = RayTracer.1; sourceTree = "<group>"; };
		5EC7E9731895639100D4E612 /* Color.cpp */ = {isa = PBXFileReference; fileEncoding = 4; lastKnownFileType = sourcecode.cpp.cpp; path = Color.cpp; sourceTree = "<group>"; };
		5EC7E9741895639100D4E612 /* Color.h */ = {isa = PBXFileReference; fileEncoding = 4; lastKnownFileType = sourcecode.c.h; path = Color.h; sourceTree = "<group>"; };
		5EC7E9751895639100D4E612 /* Disk.cpp */ = {isa = PBXFileReference; fileEncoding = 4; lastKnownFileType = sourcecode.cpp.cpp; path = Disk.cpp; sourceTree = "<group>"; };
		5EC7E9761895639100D4E612 /* Disk.h */ = {isa = PBXFileReference; fileEncoding = 4; lastKnownFileType = sourcecode.c.h; path = Disk.h; sourceTree = "<group>"; };
		5EC7E9771895639100D4E612 /* LightSource.cpp */ = {isa = PBXFileReference; fileEncoding = 4; lastKnownFileType = sourcecode.cpp.cpp; path = LightSource.cpp; sourceTree = "<group>"; };
		5EC7E9781895639100D4E612 /* LightSource.h */ = {isa = PBXFileReference; fileEncoding = 4; lastKnownFileType = sourcecode.c.h; path = LightSource.h; sourceTree = "<group>"; };
		5EC7E9791895639100D4E612 /* Material.cpp */ = {isa = PBXFileReference; fileEncoding = 4; lastKnownFileType = sourcecode.cpp.cpp; path = Material.cpp; sourceTree = "<group>"; };
		5EC7E97A1895639100D4E612 /* Material.h */ = {isa = PBXFileReference; fileEncoding = 4; lastKnownFileType = sourcecode.c.h; path = Material.h; sourceTree = "<group>"; };
		5EC7E97B1895639100D4E612 /* Object3D.h */ = {isa = PBXFileReference; fileEncoding = 4; lastKnownFileType = sourcecode.c.h; path = Object3D.h; sourceTree = "<group>"; };
		5EC7E97C1895639100D4E612 /* Plane.cpp */ = {isa = PBXFileReference; fileEncoding = 4; lastKnownFileType = sourcecode.cpp.cpp; path = Plane.cpp; sourceTree = "<group>"; };
		5EC7E97D1895639100D4E612 /* Plane.h */ = {isa = PBXFileReference; fileEncoding = 4; lastKnownFileType = sourcecode.c.h; path = Plane.h; sourceTree = "<group>"; };
		5EC7E97E1895639100D4E612 /* Ray.cpp */ = {isa = PBXFileReference; fileEncoding = 4; lastKnownFileType = sourcecode.cpp.cpp; path = Ray.cpp; sourceTree = "<group>"; };
		5EC7E97F1895639100D4E612 /* Ray.h */ = {isa = PBXFileReference; fileEncoding = 4; lastKnownFileType = sourcecode.c.h; path = Ray.h; sourceTree = "<group>"; };
		5EC7E9801895639100D4E612 /* RayTracer.cpp */ = {isa = PBXFileReference; fileEncoding = 4; lastKnownFileType = sourcecode.cpp.cpp; path = RayTracer.cpp; sourceTree = "<group>"; };
		5EC7E9811895639100D4E612 /* RayTracer.h */ = {isa = PBXFileReference; fileEncoding = 4; lastKnownFileType = sourcecode.c.h; path = RayTracer.h; sourceTree = "<group>"; };
		5EC7E9821895639100D4E612 /* Scene.cpp */ = {isa = PBXFileReference; fileEncoding = 4; lastKnownFileType = sourcecode.cpp.cpp; path = Scene.cpp; sourceTree = "<group>"; };
		5EC7E9831895639100D4E612 /* Scene.h */ = {isa = PBXFileReference; fileEncoding = 4; lastKnownFileType = sourcecode.c.h; path = Scene.h; sourceTree = "<group>"; };
		5EC7E9841895639100D4E612 /* Sphere.cpp */ = {isa = PBXFileReference; fileEncoding = 4; lastKnownFileType = sourcecode.cpp.cpp; path = Sphere.cpp; sourceTree = "<group>"; };
		5EC7E9851895639100D4E612 /* Sphere.h */ = {isa = PBXFileReference; fileEncoding = 4; lastKnownFileType = sourcecode.c.h; path = Sphere.h; sourceTree = "<group>"; };
		5EC7E9861895639100D4E612 /* Vector.cpp */ = {isa = PBXFileReference; fileEncoding = 4; lastKnownFileType = sourcecode.cpp.cpp; path = Vector.cpp; sourceTree = "<group>"; };
		5EC7E9871895639100D4E612 /* Vector.h */ = {isa = PBXFileReference; fileEncoding = 4; lastKnownFileType = sourcecode.c.h; path = Vector.h; sourceTree = "<group>"; };
		5EEC2881189A56E70054EBED /* CheckerBoard.cpp */ = {isa = PBXFileReference; fileEncoding = 4; lastKnownFileType = sourcecode.cpp.cpp; path = CheckerBoard.cpp; sourceTree = SOURCE_ROOT; };
		5EEC2882189A56E70054EBED /* CheckerBoard.h */ = {isa = PBXFileReference; fileEncoding = 4; lastKnownFileType = sourcecode.c.h; path = CheckerBoard.h; sourceTree = SOURCE_ROOT; };
/* End PBXFileReference section */

/* Begin PBXFrameworksBuildPhase section */
		5EC7E9621895634100D4E612 /* Frameworks */ = {
			isa = PBXFrameworksBuildPhase;
			buildActionMask = 2147483647;
			files = (
			);
			runOnlyForDeploymentPostprocessing = 0;
		};
/* End PBXFrameworksBuildPhase section */

/* Begin PBXGroup section */
		5EC7E95C1895634100D4E612 = {
			isa = PBXGroup;
			children = (
				5EC7E9671895634100D4E612 /* RayTracer */,
				5EC7E9661895634100D4E612 /* Products */,
			);
			sourceTree = "<group>";
		};
		5EC7E9661895634100D4E612 /* Products */ = {
			isa = PBXGroup;
			children = (
				5EC7E9651895634100D4E612 /* RayTracer */,
			);
			name = Products;
			sourceTree = "<group>";
		};
		5EC7E9671895634100D4E612 /* RayTracer */ = {
			isa = PBXGroup;
			children = (
				5EC7E9681895634100D4E612 /* main.cpp */,
				5EC7E993189568D600D4E612 /* Objects */,
				5ED5A616189932A2005C1E02 /* Utils */,
				5ED5A617189932B0005C1E02 /* Engine */,
				5EC7E96A1895634100D4E612 /* RayTracer.1 */,
			);
			path = RayTracer;
			sourceTree = "<group>";
		};
		5EC7E993189568D600D4E612 /* Objects */ = {
			isa = PBXGroup;
			children = (
				5EEC2881189A56E70054EBED /* CheckerBoard.cpp */,
				5EEC2882189A56E70054EBED /* CheckerBoard.h */,
				5EC7E9751895639100D4E612 /* Disk.cpp */,
				5EC7E9761895639100D4E612 /* Disk.h */,
				5EC7E9771895639100D4E612 /* LightSource.cpp */,
				5EC7E9781895639100D4E612 /* LightSource.h */,
				5EC7E97B1895639100D4E612 /* Object3D.h */,
				5EC7E97C1895639100D4E612 /* Plane.cpp */,
				5EC7E97D1895639100D4E612 /* Plane.h */,
				5EC7E9841895639100D4E612 /* Sphere.cpp */,
				5EC7E9851895639100D4E612 /* Sphere.h */,
			);
			name = Objects;
			sourceTree = "<group>";
		};
		5ED5A616189932A2005C1E02 /* Utils */ = {
			isa = PBXGroup;
			children = (
				5EC7E9731895639100D4E612 /* Color.cpp */,
				5EC7E9741895639100D4E612 /* Color.h */,
				5EC7E9791895639100D4E612 /* Material.cpp */,
				5EC7E97A1895639100D4E612 /* Material.h */,
				5EC7E97E1895639100D4E612 /* Ray.cpp */,
				5EC7E97F1895639100D4E612 /* Ray.h */,
				5EC7E9861895639100D4E612 /* Vector.cpp */,
				5EC7E9871895639100D4E612 /* Vector.h */,
			);
			name = Utils;
			sourceTree = "<group>";
		};
		5ED5A617189932B0005C1E02 /* Engine */ = {
			isa = PBXGroup;
			children = (
				5EC7E9801895639100D4E612 /* RayTracer.cpp */,
				5EC7E9811895639100D4E612 /* RayTracer.h */,
				5EC7E9821895639100D4E612 /* Scene.cpp */,
				5EC7E9831895639100D4E612 /* Scene.h */,
			);
			name = Engine;
			sourceTree = "<group>";
		};
/* End PBXGroup section */

/* Begin PBXNativeTarget section */
		5EC7E9641895634100D4E612 /* RayTracer */ = {
			isa = PBXNativeTarget;
			buildConfigurationList = 5EC7E96E1895634100D4E612 /* Build configuration list for PBXNativeTarget "RayTracer" */;
			buildPhases = (
				5EC7E9611895634100D4E612 /* Sources */,
				5EC7E9621895634100D4E612 /* Frameworks */,
				5EC7E9631895634100D4E612 /* CopyFiles */,
			);
			buildRules = (
			);
			dependencies = (
			);
			name = RayTracer;
			productName = RayTracer;
			productReference = 5EC7E9651895634100D4E612 /* RayTracer */;
			productType = "com.apple.product-type.tool";
		};
/* End PBXNativeTarget section */

/* Begin PBXProject section */
		5EC7E95D1895634100D4E612 /* Project object */ = {
			isa = PBXProject;
			attributes = {
				LastUpgradeCheck = 0500;
				ORGANIZATIONNAME = "Sufian Latif";
			};
			buildConfigurationList = 5EC7E9601895634100D4E612 /* Build configuration list for PBXProject "RayTracer" */;
			compatibilityVersion = "Xcode 3.2";
			developmentRegion = English;
			hasScannedForEncodings = 0;
			knownRegions = (
				en,
			);
			mainGroup = 5EC7E95C1895634100D4E612;
			productRefGroup = 5EC7E9661895634100D4E612 /* Products */;
			projectDirPath = "";
			projectRoot = "";
			targets = (
				5EC7E9641895634100D4E612 /* RayTracer */,
			);
		};
/* End PBXProject section */

/* Begin PBXSourcesBuildPhase section */
		5EC7E9611895634100D4E612 /* Sources */ = {
			isa = PBXSourcesBuildPhase;
			buildActionMask = 2147483647;
			files = (
				5EC7E98F1895639100D4E612 /* RayTracer.cpp in Sources */,
				5EC7E98A1895639100D4E612 /* Disk.cpp in Sources */,
				5EC7E9921895639100D4E612 /* Vector.cpp in Sources */,
				5EC7E98B1895639100D4E612 /* LightSource.cpp in Sources */,
				5EC7E98C1895639100D4E612 /* Material.cpp in Sources */,
				5EC7E98E1895639100D4E612 /* Ray.cpp in Sources */,
				5EEC2883189A56E70054EBED /* CheckerBoard.cpp in Sources */,
				5EC7E9891895639100D4E612 /* Color.cpp in Sources */,
				5EC7E9911895639100D4E612 /* Sphere.cpp in Sources */,
				5EC7E98D1895639100D4E612 /* Plane.cpp in Sources */,
				5EC7E9901895639100D4E612 /* Scene.cpp in Sources */,
				5EC7E9691895634100D4E612 /* main.cpp in Sources */,
			);
			runOnlyForDeploymentPostprocessing = 0;
		};
/* End PBXSourcesBuildPhase section */

/* Begin XCBuildConfiguration section */
		5EC7E96C1895634100D4E612 /* Debug */ = {
			isa = XCBuildConfiguration;
			buildSettings = {
				ALWAYS_SEARCH_USER_PATHS = NO;
				CLANG_CXX_LANGUAGE_STANDARD = "gnu++0x";
				CLANG_CXX_LIBRARY = "libc++";
				CLANG_ENABLE_OBJC_ARC = YES;
				CLANG_WARN_BOOL_CONVERSION = YES;
				CLANG_WARN_CONSTANT_CONVERSION = YES;
				CLANG_WARN_DIRECT_OBJC_ISA_USAGE = YES_ERROR;
				CLANG_WARN_EMPTY_BODY = YES;
				CLANG_WARN_ENUM_CONVERSION = YES;
				CLANG_WARN_INT_CONVERSION = YES;
				CLANG_WARN_OBJC_ROOT_CLASS = YES_ERROR;
				CLANG_WARN__DUPLICATE_METHOD_MATCH = YES;
				COPY_PHASE_STRIP = NO;
				GCC_C_LANGUAGE_STANDARD = gnu99;
				GCC_DYNAMIC_NO_PIC = NO;
				GCC_ENABLE_OBJC_EXCEPTIONS = YES;
				GCC_OPTIMIZATION_LEVEL = 0;
				GCC_PREPROCESSOR_DEFINITIONS = (
					"DEBUG=1",
					"$(inherited)",
				);
				GCC_SYMBOLS_PRIVATE_EXTERN = NO;
				GCC_WARN_64_TO_32_BIT_CONVERSION = YES;
				GCC_WARN_ABOUT_RETURN_TYPE = YES_ERROR;
				GCC_WARN_UNDECLARED_SELECTOR = YES;
				GCC_WARN_UNINITIALIZED_AUTOS = YES;
				GCC_WARN_UNUSED_FUNCTION = YES;
				GCC_WARN_UNUSED_VARIABLE = YES;
				MACOSX_DEPLOYMENT_TARGET = 10.8;
				ONLY_ACTIVE_ARCH = YES;
				SDKROOT = macosx;
			};
			name = Debug;
		};
		5EC7E96D1895634100D4E612 /* Release */ = {
			isa = XCBuildConfiguration;
			buildSettings = {
				ALWAYS_SEARCH_USER_PATHS = NO;
				CLANG_CXX_LANGUAGE_STANDARD = "gnu++0x";
				CLANG_CXX_LIBRARY = "libc++";
				CLANG_ENABLE_OBJC_ARC = YES;
				CLANG_WARN_BOOL_CONVERSION = YES;
				CLANG_WARN_CONSTANT_CONVERSION = YES;
				CLANG_WARN_DIRECT_OBJC_ISA_USAGE = YES_ERROR;
				CLANG_WARN_EMPTY_BODY = YES;
				CLANG_WARN_ENUM_CONVERSION = YES;
				CLANG_WARN_INT_CONVERSION = YES;
				CLANG_WARN_OBJC_ROOT_CLASS = YES_ERROR;
				CLANG_WARN__DUPLICATE_METHOD_MATCH = YES;
				COPY_PHASE_STRIP = YES;
				DEBUG_INFORMATION_FORMAT = "dwarf-with-dsym";
				ENABLE_NS_ASSERTIONS = NO;
				GCC_C_LANGUAGE_STANDARD = gnu99;
				GCC_ENABLE_OBJC_EXCEPTIONS = YES;
				GCC_WARN_64_TO_32_BIT_CONVERSION = YES;
				GCC_WARN_ABOUT_RETURN_TYPE = YES_ERROR;
				GCC_WARN_UNDECLARED_SELECTOR = YES;
				GCC_WARN_UNINITIALIZED_AUTOS = YES;
				GCC_WARN_UNUSED_FUNCTION = YES;
				GCC_WARN_UNUSED_VARIABLE = YES;
				MACOSX_DEPLOYMENT_TARGET = 10.8;
				SDKROOT = macosx;
			};
			name = Release;
		};
		5EC7E96F1895634100D4E612 /* Debug */ = {
			isa = XCBuildConfiguration;
			buildSettings = {
				PRODUCT_NAME = "$(TARGET_NAME)";
			};
			name = Debug;
		};
		5EC7E9701895634100D4E612 /* Release */ = {
			isa = XCBuildConfiguration;
			buildSettings = {
				PRODUCT_NAME = "$(TARGET_NAME)";
			};
			name = Release;
		};
/* End XCBuildConfiguration section */

/* Begin XCConfigurationList section */
		5EC7E9601895634100D4E612 /* Build configuration list for PBXProject "RayTracer" */ = {
			isa = XCConfigurationList;
			buildConfigurations = (
				5EC7E96C1895634100D4E612 /* Debug */,
				5EC7E96D1895634100D4E612 /* Release */,
			);
			defaultConfigurationIsVisible = 0;
			defaultConfigurationName = Release;
		};
		5EC7E96E1895634100D4E612 /* Build configuration list for PBXNativeTarget "RayTracer" */ = {
			isa = XCConfigurationList;
			buildConfigurations = (
				5EC7E96F1895634100D4E612 /* Debug */,
				5EC7E9701895634100D4E612 /* Release */,
			);
			defaultConfigurationIsVisible = 0;
			defaultConfigurationName = Release;
		};
/* End XCConfigurationList section */
	};
	rootObject = 5EC7E95D1895634100D4E612 /* Project object */;
}
